
Microsoft Visual Studio Solution File, Format Version 12.00
# Visual Studio 2013
VisualStudioVersion = 12.0.31101.0
MinimumVisualStudioVersion = 10.0.40219.1
Project("{FAE04EC0-301F-11D3-BF4B-00C04F79EFBC}") = "WcfValidacao", "WcfValidacao\WcfValidacao.csproj", "{FC49EE44-94CD-4007-8B81-2C0F996622D2}"
EndProject
Project("{FAE04EC0-301F-11D3-BF4B-00C04F79EFBC}") = "waTestaValidacaoC", "waTestaValidacaoC\waTestaValidacaoC.csproj", "{59FACA1D-69E7-42C4-9774-7C90DCF4941C}"
	ProjectSection(ProjectDependencies) = postProject
		{FC49EE44-94CD-4007-8B81-2C0F996622D2} = {FC49EE44-94CD-4007-8B81-2C0F996622D2}
	EndProjectSection
EndProject
Global
	GlobalSection(SolutionConfigurationPlatforms) = preSolution
		Debug|Any CPU = Debug|Any CPU
		Release|Any CPU = Release|Any CPU
	EndGlobalSection
	GlobalSection(ProjectConfigurationPlatforms) = postSolution
		{FC49EE44-94CD-4007-8B81-2C0F996622D2}.Debug|Any CPU.ActiveCfg = Debug|Any CPU
		{FC49EE44-94CD-4007-8B81-2C0F996622D2}.Debug|Any CPU.Build.0 = Debug|Any CPU
		{FC49EE44-94CD-4007-8B81-2C0F996622D2}.Release|Any CPU.ActiveCfg = Release|Any CPU
		{FC49EE44-94CD-4007-8B81-2C0F996622D2}.Release|Any CPU.Build.0 = Release|Any CPU
		{59FACA1D-69E7-42C4-9774-7C90DCF4941C}.Debug|Any CPU.ActiveCfg = Debug|Any CPU
		{59FACA1D-69E7-42C4-9774-7C90DCF4941C}.Debug|Any CPU.Build.0 = Debug|Any CPU
		{59FACA1D-69E7-42C4-9774-7C90DCF4941C}.Release|Any CPU.ActiveCfg = Release|Any CPU
		{59FACA1D-69E7-42C4-9774-7C90DCF4941C}.Release|Any CPU.Build.0 = Release|Any CPU
	EndGlobalSection
	GlobalSection(SolutionProperties) = preSolution
		HideSolutionNode = FALSE
	EndGlobalSection
EndGlobal
